
Microsoft Visual Studio Solution File, Format Version 12.00
# Visual Studio Version 16
VisualStudioVersion = 16.0.30413.136
MinimumVisualStudioVersion = 10.0.40219.1
Project("{FAE04EC0-301F-11D3-BF4B-00C04F79EFBC}") = "Started", "Started\Started.csproj", "{A60347F5-D804-4033-953C-B5D8D6BD688D}"
EndProject
Global
	GlobalSection(SolutionConfigurationPlatforms) = preSolution
		Debug|Any CPU = Debug|Any CPU
		Release|Any CPU = Release|Any CPU
	EndGlobalSection
	GlobalSection(ProjectConfigurationPlatforms) = postSolution
		{A60347F5-D804-4033-953C-B5D8D6BD688D}.Debug|Any CPU.ActiveCfg = Debug|Any CPU
		{A60347F5-D804-4033-953C-B5D8D6BD688D}.Debug|Any CPU.Build.0 = Debug|Any CPU
		{A60347F5-D804-4033-953C-B5D8D6BD688D}.Release|Any CPU.ActiveCfg = Release|Any CPU
		{A60347F5-D804-4033-953C-B5D8D6BD688D}.Release|Any CPU.Build.0 = Release|Any CPU
	EndGlobalSection
	GlobalSection(SolutionProperties) = preSolution
		HideSolutionNode = FALSE
	EndGlobalSection
	GlobalSection(ExtensibilityGlobals) = postSolution
		SolutionGuid = {DD312423-9E92-49C6-AEBD-2B4A2655D1DA}
	EndGlobalSection
EndGlobal
